
Microsoft Visual Studio Solution File, Format Version 12.00
# Visual Studio Version 17
VisualStudioVersion = 17.7.34221.43
MinimumVisualStudioVersion = 10.0.40219.1
Project("{FAE04EC0-301F-11D3-BF4B-00C04F79EFBC}") = "Course", "Course\Course.csproj", "{BC04F5E2-B9F9-47BC-A39E-3190B7BF14C4}"
EndProject
Global
	GlobalSection(SolutionConfigurationPlatforms) = preSolution
		Debug|Any CPU = Debug|Any CPU
		Release|Any CPU = Release|Any CPU
	EndGlobalSection
	GlobalSection(ProjectConfigurationPlatforms) = postSolution
		{BC04F5E2-B9F9-47BC-A39E-3190B7BF14C4}.Debug|Any CPU.ActiveCfg = Debug|Any CPU
		{BC04F5E2-B9F9-47BC-A39E-3190B7BF14C4}.Debug|Any CPU.Build.0 = Debug|Any CPU
		{BC04F5E2-B9F9-47BC-A39E-3190B7BF14C4}.Release|Any CPU.ActiveCfg = Release|Any CPU
		{BC04F5E2-B9F9-47BC-A39E-3190B7BF14C4}.Release|Any CPU.Build.0 = Release|Any CPU
	EndGlobalSection
	GlobalSection(SolutionProperties) = preSolution
		HideSolutionNode = FALSE
	EndGlobalSection
	GlobalSection(ExtensibilityGlobals) = postSolution
		SolutionGuid = {6C174978-3315-407F-AD4E-7AEF5BA8EAE5}
	EndGlobalSection
EndGlobal
